
Microsoft Visual Studio Solution File, Format Version 12.00
# Visual Studio Version 17
VisualStudioVersion = 17.13.35617.110 d17.13
MinimumVisualStudioVersion = 10.0.40219.1
Project("{FAE04EC0-301F-11D3-BF4B-00C04F79EFBC}") = "ICTStrypes", "ICTStrypes.csproj", "{29F2D276-36A2-4DB1-9350-0081168808F1}"
EndProject
Global
	GlobalSection(SolutionConfigurationPlatforms) = preSolution
		Debug|Any CPU = Debug|Any CPU
		Release|Any CPU = Release|Any CPU
	EndGlobalSection
	GlobalSection(ProjectConfigurationPlatforms) = postSolution
		{29F2D276-36A2-4DB1-9350-0081168808F1}.Debug|Any CPU.ActiveCfg = Debug|Any CPU
		{29F2D276-36A2-4DB1-9350-0081168808F1}.Debug|Any CPU.Build.0 = Debug|Any CPU
		{29F2D276-36A2-4DB1-9350-0081168808F1}.Release|Any CPU.ActiveCfg = Release|Any CPU
		{29F2D276-36A2-4DB1-9350-0081168808F1}.Release|Any CPU.Build.0 = Release|Any CPU
	EndGlobalSection
	GlobalSection(SolutionProperties) = preSolution
		HideSolutionNode = FALSE
	EndGlobalSection
	GlobalSection(ExtensibilityGlobals) = postSolution
		SolutionGuid = {84D1FC7E-EC63-4410-9E85-3900B77BF39D}
	EndGlobalSection
EndGlobal
